
Microsoft Visual Studio Solution File, Format Version 12.00
# Visual Studio 15
Project("{FAE04EC0-301F-11D3-BF4B-00C04F79EFBC}") = "Assembly-CSharp", "Assembly-CSharp.csproj", "{645FF66A-ACE8-AF61-FFC9-96ECC4E5438F}"
EndProject
Project("{FAE04EC0-301F-11D3-BF4B-00C04F79EFBC}") = "Assembly-CSharp-Editor", "Assembly-CSharp-Editor.csproj", "{F3DEB85C-7EFF-166F-A9FB-56C88CD4EDD0}"
EndProject
Global
	GlobalSection(SolutionConfigurationPlatforms) = preSolution
		Debug|Any CPU = Debug|Any CPU
		Release|Any CPU = Release|Any CPU
	EndGlobalSection
	GlobalSection(ProjectConfigurationPlatforms) = postSolution
		{645FF66A-ACE8-AF61-FFC9-96ECC4E5438F}.Debug|Any CPU.ActiveCfg = Debug|Any CPU
		{645FF66A-ACE8-AF61-FFC9-96ECC4E5438F}.Debug|Any CPU.Build.0 = Debug|Any CPU
		{645FF66A-ACE8-AF61-FFC9-96ECC4E5438F}.Release|Any CPU.ActiveCfg = Release|Any CPU
		{645FF66A-ACE8-AF61-FFC9-96ECC4E5438F}.Release|Any CPU.Build.0 = Release|Any CPU
		{F3DEB85C-7EFF-166F-A9FB-56C88CD4EDD0}.Debug|Any CPU.ActiveCfg = Debug|Any CPU
		{F3DEB85C-7EFF-166F-A9FB-56C88CD4EDD0}.Debug|Any CPU.Build.0 = Debug|Any CPU
		{F3DEB85C-7EFF-166F-A9FB-56C88CD4EDD0}.Release|Any CPU.ActiveCfg = Release|Any CPU
		{F3DEB85C-7EFF-166F-A9FB-56C88CD4EDD0}.Release|Any CPU.Build.0 = Release|Any CPU
	EndGlobalSection
	GlobalSection(SolutionProperties) = preSolution
		HideSolutionNode = FALSE
	EndGlobalSection
EndGlobal
